
Microsoft Visual Studio Solution File, Format Version 12.00
# Visual Studio 15
VisualStudioVersion = 15.0.28307.329
MinimumVisualStudioVersion = 10.0.40219.1
Project("{FAE04EC0-301F-11D3-BF4B-00C04F79EFBC}") = "Exercise1Task1", "Exercise1Task1\Exercise1Task1.csproj", "{B7F0B487-5542-4236-BBFD-7F2328AC4AC8}"
EndProject
Project("{FAE04EC0-301F-11D3-BF4B-00C04F79EFBC}") = "Exercise1Task2", "Exercise1Task2\Exercise1Task2.csproj", "{1557E98B-BCC1-4307-BF10-82445F2685A3}"
EndProject
Project("{FAE04EC0-301F-11D3-BF4B-00C04F79EFBC}") = "Exercise2Task1", "Exercise2Task1\Exercise2Task1.csproj", "{9FAA384D-0613-4229-961D-BA64F8970212}"
EndProject
Project("{FAE04EC0-301F-11D3-BF4B-00C04F79EFBC}") = "Exercise2Task2", "Exercise2Task2\Exercise2Task2.csproj", "{BEC460E1-657D-4EF8-9945-14A6218BA3C6}"
EndProject
Project("{FAE04EC0-301F-11D3-BF4B-00C04F79EFBC}") = "Exercise2Task3", "Exercise2Task3\Exercise2Task3.csproj", "{AF204A27-E41B-4271-B72A-69C531C83C55}"
EndProject
Project("{FAE04EC0-301F-11D3-BF4B-00C04F79EFBC}") = "Exercise2Task4", "Exercise2Task4\Exercise2Task4.csproj", "{42F880E1-878F-4923-A424-223E66C8D816}"
EndProject
Project("{FAE04EC0-301F-11D3-BF4B-00C04F79EFBC}") = "AdvancedExerciseTask1", "AdvancedExerciseTask1\AdvancedExerciseTask1.csproj", "{0B48B033-4E5E-494D-8550-515BCBDB7BC5}"
EndProject
Project("{FAE04EC0-301F-11D3-BF4B-00C04F79EFBC}") = "AdvancedExerciseTask2", "AdvancedExerciseTask2\AdvancedExerciseTask2.csproj", "{1F66F5C1-9E6C-47C0-868B-16762E5118B3}"
EndProject
Project("{FAE04EC0-301F-11D3-BF4B-00C04F79EFBC}") = "AdvancedExerciseTask3", "AdvancedExerciseTask3\AdvancedExerciseTask3.csproj", "{D31A4445-F0FA-4DA4-BED9-3792D892D87B}"
EndProject
Global
	GlobalSection(SolutionConfigurationPlatforms) = preSolution
		Debug|Any CPU = Debug|Any CPU
		Release|Any CPU = Release|Any CPU
	EndGlobalSection
	GlobalSection(ProjectConfigurationPlatforms) = postSolution
		{B7F0B487-5542-4236-BBFD-7F2328AC4AC8}.Debug|Any CPU.ActiveCfg = Debug|Any CPU
		{B7F0B487-5542-4236-BBFD-7F2328AC4AC8}.Debug|Any CPU.Build.0 = Debug|Any CPU
		{B7F0B487-5542-4236-BBFD-7F2328AC4AC8}.Release|Any CPU.ActiveCfg = Release|Any CPU
		{B7F0B487-5542-4236-BBFD-7F2328AC4AC8}.Release|Any CPU.Build.0 = Release|Any CPU
		{1557E98B-BCC1-4307-BF10-82445F2685A3}.Debug|Any CPU.ActiveCfg = Debug|Any CPU
		{1557E98B-BCC1-4307-BF10-82445F2685A3}.Debug|Any CPU.Build.0 = Debug|Any CPU
		{1557E98B-BCC1-4307-BF10-82445F2685A3}.Release|Any CPU.ActiveCfg = Release|Any CPU
		{1557E98B-BCC1-4307-BF10-82445F2685A3}.Release|Any CPU.Build.0 = Release|Any CPU
		{9FAA384D-0613-4229-961D-BA64F8970212}.Debug|Any CPU.ActiveCfg = Debug|Any CPU
		{9FAA384D-0613-4229-961D-BA64F8970212}.Debug|Any CPU.Build.0 = Debug|Any CPU
		{9FAA384D-0613-4229-961D-BA64F8970212}.Release|Any CPU.ActiveCfg = Release|Any CPU
		{9FAA384D-0613-4229-961D-BA64F8970212}.Release|Any CPU.Build.0 = Release|Any CPU
		{BEC460E1-657D-4EF8-9945-14A6218BA3C6}.Debug|Any CPU.ActiveCfg = Debug|Any CPU
		{BEC460E1-657D-4EF8-9945-14A6218BA3C6}.Debug|Any CPU.Build.0 = Debug|Any CPU
		{BEC460E1-657D-4EF8-9945-14A6218BA3C6}.Release|Any CPU.ActiveCfg = Release|Any CPU
		{BEC460E1-657D-4EF8-9945-14A6218BA3C6}.Release|Any CPU.Build.0 = Release|Any CPU
		{AF204A27-E41B-4271-B72A-69C531C83C55}.Debug|Any CPU.ActiveCfg = Debug|Any CPU
		{AF204A27-E41B-4271-B72A-69C531C83C55}.Debug|Any CPU.Build.0 = Debug|Any CPU
		{AF204A27-E41B-4271-B72A-69C531C83C55}.Release|Any CPU.ActiveCfg = Release|Any CPU
		{AF204A27-E41B-4271-B72A-69C531C83C55}.Release|Any CPU.Build.0 = Release|Any CPU
		{42F880E1-878F-4923-A424-223E66C8D816}.Debug|Any CPU.ActiveCfg = Debug|Any CPU
		{42F880E1-878F-4923-A424-223E66C8D816}.Debug|Any CPU.Build.0 = Debug|Any CPU
		{42F880E1-878F-4923-A424-223E66C8D816}.Release|Any CPU.ActiveCfg = Release|Any CPU
		{42F880E1-878F-4923-A424-223E66C8D816}.Release|Any CPU.Build.0 = Release|Any CPU
		{0B48B033-4E5E-494D-8550-515BCBDB7BC5}.Debug|Any CPU.ActiveCfg = Debug|Any CPU
		{0B48B033-4E5E-494D-8550-515BCBDB7BC5}.Debug|Any CPU.Build.0 = Debug|Any CPU
		{0B48B033-4E5E-494D-8550-515BCBDB7BC5}.Release|Any CPU.ActiveCfg = Release|Any CPU
		{0B48B033-4E5E-494D-8550-515BCBDB7BC5}.Release|Any CPU.Build.0 = Release|Any CPU
		{1F66F5C1-9E6C-47C0-868B-16762E5118B3}.Debug|Any CPU.ActiveCfg = Debug|Any CPU
		{1F66F5C1-9E6C-47C0-868B-16762E5118B3}.Debug|Any CPU.Build.0 = Debug|Any CPU
		{1F66F5C1-9E6C-47C0-868B-16762E5118B3}.Release|Any CPU.ActiveCfg = Release|Any CPU
		{1F66F5C1-9E6C-47C0-868B-16762E5118B3}.Release|Any CPU.Build.0 = Release|Any CPU
		{D31A4445-F0FA-4DA4-BED9-3792D892D87B}.Debug|Any CPU.ActiveCfg = Debug|Any CPU
		{D31A4445-F0FA-4DA4-BED9-3792D892D87B}.Debug|Any CPU.Build.0 = Debug|Any CPU
		{D31A4445-F0FA-4DA4-BED9-3792D892D87B}.Release|Any CPU.ActiveCfg = Release|Any CPU
		{D31A4445-F0FA-4DA4-BED9-3792D892D87B}.Release|Any CPU.Build.0 = Release|Any CPU
	EndGlobalSection
	GlobalSection(SolutionProperties) = preSolution
		HideSolutionNode = FALSE
	EndGlobalSection
	GlobalSection(ExtensibilityGlobals) = postSolution
		SolutionGuid = {C61F6B0B-D4C3-4E58-9A38-F222D86DDF11}
	EndGlobalSection
EndGlobal
